
Microsoft Visual Studio Solution File, Format Version 12.00
# Visual Studio 15
VisualStudioVersion = 15.0.27428.2043
MinimumVisualStudioVersion = 10.0.40219.1
Project("{FAE04EC0-301F-11D3-BF4B-00C04F79EFBC}") = "MVCGoogleMaps", "MVCGoogleMaps\MVCGoogleMaps.csproj", "{C7CEB468-4998-4D09-A57E-A97EDD255011}"
EndProject
Global
	GlobalSection(SolutionConfigurationPlatforms) = preSolution
		Debug|Any CPU = Debug|Any CPU
		Release|Any CPU = Release|Any CPU
	EndGlobalSection
	GlobalSection(ProjectConfigurationPlatforms) = postSolution
		{C7CEB468-4998-4D09-A57E-A97EDD255011}.Debug|Any CPU.ActiveCfg = Debug|Any CPU
		{C7CEB468-4998-4D09-A57E-A97EDD255011}.Debug|Any CPU.Build.0 = Debug|Any CPU
		{C7CEB468-4998-4D09-A57E-A97EDD255011}.Release|Any CPU.ActiveCfg = Release|Any CPU
		{C7CEB468-4998-4D09-A57E-A97EDD255011}.Release|Any CPU.Build.0 = Release|Any CPU
	EndGlobalSection
	GlobalSection(SolutionProperties) = preSolution
		HideSolutionNode = FALSE
	EndGlobalSection
	GlobalSection(ExtensibilityGlobals) = postSolution
		SolutionGuid = {09B1F104-9613-43E7-89E6-82B6B44D722D}
	EndGlobalSection
EndGlobal
